<?xml version="1.0" encoding="utf-8"?>
<Project ToolsVersion="4.0" xmlns="http://schemas.microsoft.com/developer/msbuild/2003">
  <ItemGroup>
    <Filter Include="Geometry">
      <UniqueIdentifier>{47e422a5-56fb-429e-8d22-d1fcf7e71e90}</UniqueIdentifier>
    </Filter>
    <Filter Include="System">
      <UniqueIdentifier>{be509029-1cbd-47bf-a86a-58b934a5e0e5}</UniqueIdentifier>
    </Filter>
    <Filter Include="Engine">
      <UniqueIdentifier>{a188c207-e689-44d7-af13-c4ed93d8ec88}</UniqueIdentifier>
    </Filter>
    <Filter Include="Shaders">
      <UniqueIdentifier>{67DA6AB6-F800-4c08-8B7A-83BB121AAD01}</UniqueIdentifier>
      <Extensions>rc;ico;cur;bmp;dlg;rc2;rct;bin;rgs;gif;jpg;jpeg;jpe;resx;tiff;tif;png;wav;mfcribbon-ms</Extensions>
    </Filter>
    <Filter Include="Geometry\Interfaces">
      <UniqueIdentifier>{9ac4d7ff-eb0d-4893-b0c0-0dfccada0ec0}</UniqueIdentifier>
    </Filter>
    <Filter Include="Engine\Direct3D">
      <UniqueIdentifier>{b60d447e-5c1c-462c-8853-820f499480cf}</UniqueIdentifier>
    </Filter>
    <Filter Include="Engine\Direct3D\Contexts">
      <UniqueIdentifier>{366d2ad3-ce6f-4858-9257-91dd30096f9d}</UniqueIdentifier>
    </Filter>
    <Filter Include="Engine\Direct3D\Contexts\Interfaces">
      <UniqueIdentifier>{c6995d72-cceb-45e6-ac57-aa6cc9d2594b}</UniqueIdentifier>
    </Filter>
  </ItemGroup>
  <ItemGroup>
    <ClInclude Include="triangleclass.h">
      <Filter>Geometry</Filter>
    </ClInclude>
    <ClInclude Include="quadclass.h">
      <Filter>Geometry</Filter>
    </ClInclude>
    <ClInclude Include="systemclass.h">
      <Filter>System</Filter>
    </ClInclude>
    <ClInclude Include="inputclass.h">
      <Filter>System</Filter>
    </ClInclude>
    <ClInclude Include="engineclass.h">
      <Filter>Engine</Filter>
    </ClInclude>
    <ClInclude Include="cameraclass.h">
      <Filter>Engine</Filter>
    </ClInclude>
    <ClInclude Include="instancecontextclass.h">
      <Filter>Engine\Direct3D\Contexts</Filter>
    </ClInclude>
    <ClInclude Include="colorcontextclass.h">
      <Filter>Engine\Direct3D\Contexts</Filter>
    </ClInclude>
    <ClInclude Include="contextinterface.h">
      <Filter>Engine\Direct3D\Contexts\Interfaces</Filter>
    </ClInclude>
    <ClInclude Include="rendercontextinterface.h">
      <Filter>Engine\Direct3D\Contexts\Interfaces</Filter>
    </ClInclude>
    <ClInclude Include="geometryinterface.h">
      <Filter>Geometry\Interfaces</Filter>
    </ClInclude>
    <ClInclude Include="pch.h" />
    <ClInclude Include="d3dclass.h">
      <Filter>Engine\Direct3D</Filter>
    </ClInclude>
    <ClInclude Include="pipelineclass.h">
      <Filter>Engine\Direct3D</Filter>
    </ClInclude>
  </ItemGroup>
  <ItemGroup>
    <ClCompile Include="main.cpp" />
    <ClCompile Include="triangleclass.cpp">
      <Filter>Geometry</Filter>
    </ClCompile>
    <ClCompile Include="quadclass.cpp">
      <Filter>Geometry</Filter>
    </ClCompile>
    <ClCompile Include="systemclass.cpp">
      <Filter>System</Filter>
    </ClCompile>
    <ClCompile Include="inputclass.cpp">
      <Filter>System</Filter>
    </ClCompile>
    <ClCompile Include="engineclass.cpp">
      <Filter>Engine</Filter>
    </ClCompile>
    <ClCompile Include="cameraclass.cpp">
      <Filter>Engine</Filter>
    </ClCompile>
    <ClCompile Include="colorcontextclass.cpp">
      <Filter>Engine\Direct3D\Contexts</Filter>
    </ClCompile>
    <ClCompile Include="instancecontextclass.cpp">
      <Filter>Engine\Direct3D\Contexts</Filter>
    </ClCompile>
    <ClCompile Include="contextinterface.cpp">
      <Filter>Engine\Direct3D\Contexts\Interfaces</Filter>
    </ClCompile>
    <ClCompile Include="rendercontextinterface.cpp">
      <Filter>Engine\Direct3D\Contexts\Interfaces</Filter>
    </ClCompile>
    <ClCompile Include="geometryinterface.cpp">
      <Filter>Geometry\Interfaces</Filter>
    </ClCompile>
    <ClCompile Include="pch.cpp" />
    <ClCompile Include="d3dclass.cpp">
      <Filter>Engine\Direct3D</Filter>
    </ClCompile>
    <ClCompile Include="pipelineclass.cpp">
      <Filter>Engine\Direct3D</Filter>
    </ClCompile>
  </ItemGroup>
  <ItemGroup>
    <FxCompile Include="shaders\color.ps.hlsl">
      <Filter>Shaders</Filter>
    </FxCompile>
    <FxCompile Include="shaders\color.vs.hlsl">
      <Filter>Shaders</Filter>
    </FxCompile>
    <FxCompile Include="shaders\instance.vs.hlsl">
      <Filter>Shaders</Filter>
    </FxCompile>
    <FxCompile Include="shaders\instance.ps.hlsl">
      <Filter>Shaders</Filter>
    </FxCompile>
  </ItemGroup>
</Project>